// !$*UTF8*$!
{
	archiveVersion = 1;
	classes = {
	};
	objectVersion = 46;
	objects = {

/* Begin PBXBuildFile section */
		D7CAF61E1D82553800118371 /* AppDelegate.swift in Sources */ = {isa = PBXBuildFile; fileRef = D7CAF61D1D82553800118371 /* AppDelegate.swift */; };
		D7CAF6201D82553800118371 /* ViewController.swift in Sources */ = {isa = PBXBuildFile; fileRef = D7CAF61F1D82553800118371 /* ViewController.swift */; };
		D7CAF6231D82553800118371 /* Main.storyboard in Resources */ = {isa = PBXBuildFile; fileRef = D7CAF6211D82553800118371 /* Main.storyboard */; };
		D7CAF6251D82553800118371 /* Assets.xcassets in Resources */ = {isa = PBXBuildFile; fileRef = D7CAF6241D82553800118371 /* Assets.xcassets */; };
		D7CAF6281D82553800118371 /* LaunchScreen.storyboard in Resources */ = {isa = PBXBuildFile; fileRef = D7CAF6261D82553800118371 /* LaunchScreen.storyboard */; };
		D7CAF6331D82553800118371 /* BDDQuickTests.swift in Sources */ = {isa = PBXBuildFile; fileRef = D7CAF6321D82553800118371 /* BDDQuickTests.swift */; };
		D7CAF63E1D82553800118371 /* BDDQuickUITests.swift in Sources */ = {isa = PBXBuildFile; fileRef = D7CAF63D1D82553800118371 /* BDDQuickUITests.swift */; };
/* End PBXBuildFile section */

/* Begin PBXContainerItemProxy section */
		D7CAF62F1D82553800118371 /* PBXContainerItemProxy */ = {
			isa = PBXContainerItemProxy;
			containerPortal = D7CAF6121D82553800118371 /* Project object */;
			proxyType = 1;
			remoteGlobalIDString = D7CAF6191D82553800118371;
			remoteInfo = BDDQuick;
		};
		D7CAF63A1D82553800118371 /* PBXContainerItemProxy */ = {
			isa = PBXContainerItemProxy;
			containerPortal = D7CAF6121D82553800118371 /* Project object */;
			proxyType = 1;
			remoteGlobalIDString = D7CAF6191D82553800118371;
			remoteInfo = BDDQuick;
		};
/* End PBXContainerItemProxy section */

/* Begin PBXFileReference section */
		D7CAF61A1D82553800118371 /* BDDQuick.app */ = {isa = PBXFileReference; explicitFileType = wrapper.application; includeInIndex = 0; path = BDDQuick.app; sourceTree = BUILT_PRODUCTS_DIR; };
		D7CAF61D1D82553800118371 /* AppDelegate.swift */ = {isa = PBXFileReference; lastKnownFileType = sourcecode.swift; path = AppDelegate.swift; sourceTree = "<group>"; };
		D7CAF61F1D82553800118371 /* ViewController.swift */ = {isa = PBXFileReference; lastKnownFileType = sourcecode.swift; path = ViewController.swift; sourceTree = "<group>"; };
		D7CAF6221D82553800118371 /* Base */ = {isa = PBXFileReference; lastKnownFileType = file.storyboard; name = Base; path = Base.lproj/Main.storyboard; sourceTree = "<group>"; };
		D7CAF6241D82553800118371 /* Assets.xcassets */ = {isa = PBXFileReference; lastKnownFileType = folder.assetcatalog; path = Assets.xcassets; sourceTree = "<group>"; };
		D7CAF6271D82553800118371 /* Base */ = {isa = PBXFileReference; lastKnownFileType = file.storyboard; name = Base; path = Base.lproj/LaunchScreen.storyboard; sourceTree = "<group>"; };
		D7CAF6291D82553800118371 /* Info.plist */ = {isa = PBXFileReference; lastKnownFileType = text.plist.xml; path = Info.plist; sourceTree = "<group>"; };
		D7CAF62E1D82553800118371 /* BDDQuickTests.xctest */ = {isa = PBXFileReference; explicitFileType = wrapper.cfbundle; includeInIndex = 0; path = BDDQuickTests.xctest; sourceTree = BUILT_PRODUCTS_DIR; };
		D7CAF6321D82553800118371 /* BDDQuickTests.swift */ = {isa = PBXFileReference; lastKnownFileType = sourcecode.swift; path = BDDQuickTests.swift; sourceTree = "<group>"; };
		D7CAF6341D82553800118371 /* Info.plist */ = {isa = PBXFileReference; lastKnownFileType = text.plist.xml; path = Info.plist; sourceTree = "<group>"; };
		D7CAF6391D82553800118371 /* BDDQuickUITests.xctest */ = {isa = PBXFileReference; explicitFileType = wrapper.cfbundle; includeInIndex = 0; path = BDDQuickUITests.xctest; sourceTree = BUILT_PRODUCTS_DIR; };
		D7CAF63D1D82553800118371 /* BDDQuickUITests.swift */ = {isa = PBXFileReference; lastKnownFileType = sourcecode.swift; path = BDDQuickUITests.swift; sourceTree = "<group>"; };
		D7CAF63F1D82553800118371 /* Info.plist */ = {isa = PBXFileReference; lastKnownFileType = text.plist.xml; path = Info.plist; sourceTree = "<group>"; };
/* End PBXFileReference section */

/* Begin PBXFrameworksBuildPhase section */
		D7CAF6171D82553800118371 /* Frameworks */ = {
			isa = PBXFrameworksBuildPhase;
			buildActionMask = 2147483647;
			files = (
			);
			runOnlyForDeploymentPostprocessing = 0;
		};
		D7CAF62B1D82553800118371 /* Frameworks */ = {
			isa = PBXFrameworksBuildPhase;
			buildActionMask = 2147483647;
			files = (
			);
			runOnlyForDeploymentPostprocessing = 0;
		};
		D7CAF6361D82553800118371 /* Frameworks */ = {
			isa = PBXFrameworksBuildPhase;
			buildActionMask = 2147483647;
			files = (
			);
			runOnlyForDeploymentPostprocessing = 0;
		};
/* End PBXFrameworksBuildPhase section */

/* Begin PBXGroup section */
		D7CAF6111D82553800118371 = {
			isa = PBXGroup;
			children = (
				D7CAF61C1D82553800118371 /* BDDQuick */,
				D7CAF6311D82553800118371 /* BDDQuickTests */,
				D7CAF63C1D82553800118371 /* BDDQuickUITests */,
				D7CAF61B1D82553800118371 /* Products */,
			);
			sourceTree = "<group>";
		};
		D7CAF61B1D82553800118371 /* Products */ = {
			isa = PBXGroup;
			children = (
				D7CAF61A1D82553800118371 /* BDDQuick.app */,
				D7CAF62E1D82553800118371 /* BDDQuickTests.xctest */,
				D7CAF6391D82553800118371 /* BDDQuickUITests.xctest */,
			);
			name = Products;
			sourceTree = "<group>";
		};
		D7CAF61C1D82553800118371 /* BDDQuick */ = {
			isa = PBXGroup;
			children = (
				D7CAF61D1D82553800118371 /* AppDelegate.swift */,
				D7CAF61F1D82553800118371 /* ViewController.swift */,
				D7CAF6211D82553800118371 /* Main.storyboard */,
				D7CAF6241D82553800118371 /* Assets.xcassets */,
				D7CAF6261D82553800118371 /* LaunchScreen.storyboard */,
				D7CAF6291D82553800118371 /* Info.plist */,
			);
			path = BDDQuick;
			sourceTree = "<group>";
		};
		D7CAF6311D82553800118371 /* BDDQuickTests */ = {
			isa = PBXGroup;
			children = (
				D7CAF6321D82553800118371 /* BDDQuickTests.swift */,
				D7CAF6341D82553800118371 /* Info.plist */,
			);
			path = BDDQuickTests;
			sourceTree = "<group>";
		};
		D7CAF63C1D82553800118371 /* BDDQuickUITests */ = {
			isa = PBXGroup;
			children = (
				D7CAF63D1D82553800118371 /* BDDQuickUITests.swift */,
				D7CAF63F1D82553800118371 /* Info.plist */,
			);
			path = BDDQuickUITests;
			sourceTree = "<group>";
		};
/* End PBXGroup section */

/* Begin PBXNativeTarget section */
		D7CAF6191D82553800118371 /* BDDQuick */ = {
			isa = PBXNativeTarget;
			buildConfigurationList = D7CAF6421D82553800118371 /* Build configuration list for PBXNativeTarget "BDDQuick" */;
			buildPhases = (
				D7CAF6161D82553800118371 /* Sources */,
				D7CAF6171D82553800118371 /* Frameworks */,
				D7CAF6181D82553800118371 /* Resources */,
			);
			buildRules = (
			);
			dependencies = (
			);
			name = BDDQuick;
			productName = BDDQuick;
			productReference = D7CAF61A1D82553800118371 /* BDDQuick.app */;
			productType = "com.apple.product-type.application";
		};
		D7CAF62D1D82553800118371 /* BDDQuickTests */ = {
			isa = PBXNativeTarget;
			buildConfigurationList = D7CAF6451D82553800118371 /* Build configuration list for PBXNativeTarget "BDDQuickTests" */;
			buildPhases = (
				D7CAF62A1D82553800118371 /* Sources */,
				D7CAF62B1D82553800118371 /* Frameworks */,
				D7CAF62C1D82553800118371 /* Resources */,
			);
			buildRules = (
			);
			dependencies = (
				D7CAF6301D82553800118371 /* PBXTargetDependency */,
			);
			name = BDDQuickTests;
			productName = BDDQuickTests;
			productReference = D7CAF62E1D82553800118371 /* BDDQuickTests.xctest */;
			productType = "com.apple.product-type.bundle.unit-test";
		};
		D7CAF6381D82553800118371 /* BDDQuickUITests */ = {
			isa = PBXNativeTarget;
			buildConfigurationList = D7CAF6481D82553800118371 /* Build configuration list for PBXNativeTarget "BDDQuickUITests" */;
			buildPhases = (
				D7CAF6351D82553800118371 /* Sources */,
				D7CAF6361D82553800118371 /* Frameworks */,
				D7CAF6371D82553800118371 /* Resources */,
			);
			buildRules = (
			);
			dependencies = (
				D7CAF63B1D82553800118371 /* PBXTargetDependency */,
			);
			name = BDDQuickUITests;
			productName = BDDQuickUITests;
			productReference = D7CAF6391D82553800118371 /* BDDQuickUITests.xctest */;
			productType = "com.apple.product-type.bundle.ui-testing";
		};
/* End PBXNativeTarget section */

/* Begin PBXProject section */
		D7CAF6121D82553800118371 /* Project object */ = {
			isa = PBXProject;
			attributes = {
				LastSwiftUpdateCheck = 0730;
				LastUpgradeCheck = 0730;
				ORGANIZATIONNAME = MLH;
				TargetAttributes = {
					D7CAF6191D82553800118371 = {
						CreatedOnToolsVersion = 7.3.1;
					};
					D7CAF62D1D82553800118371 = {
						CreatedOnToolsVersion = 7.3.1;
						TestTargetID = D7CAF6191D82553800118371;
					};
					D7CAF6381D82553800118371 = {
						CreatedOnToolsVersion = 7.3.1;
						TestTargetID = D7CAF6191D82553800118371;
					};
				};
			};
			buildConfigurationList = D7CAF6151D82553800118371 /* Build configuration list for PBXProject "BDDQuick" */;
			compatibilityVersion = "Xcode 3.2";
			developmentRegion = English;
			hasScannedForEncodings = 0;
			knownRegions = (
				en,
				Base,
			);
			mainGroup = D7CAF6111D82553800118371;
			productRefGroup = D7CAF61B1D82553800118371 /* Products */;
			projectDirPath = "";
			projectRoot = "";
			targets = (
				D7CAF6191D82553800118371 /* BDDQuick */,
				D7CAF62D1D82553800118371 /* BDDQuickTests */,
				D7CAF6381D82553800118371 /* BDDQuickUITests */,
			);
		};
/* End PBXProject section */

/* Begin PBXResourcesBuildPhase section */
		D7CAF6181D82553800118371 /* Resources */ = {
			isa = PBXResourcesBuildPhase;
			buildActionMask = 2147483647;
			files = (
				D7CAF6281D82553800118371 /* LaunchScreen.storyboard in Resources */,
				D7CAF6251D82553800118371 /* Assets.xcassets in Resources */,
				D7CAF6231D82553800118371 /* Main.storyboard in Resources */,
			);
			runOnlyForDeploymentPostprocessing = 0;
		};
		D7CAF62C1D82553800118371 /* Resources */ = {
			isa = PBXResourcesBuildPhase;
			buildActionMask = 2147483647;
			files = (
			);
			runOnlyForDeploymentPostprocessing = 0;
		};
		D7CAF6371D82553800118371 /* Resources */ = {
			isa = PBXResourcesBuildPhase;
			buildActionMask = 2147483647;
			files = (
			);
			runOnlyForDeploymentPostprocessing = 0;
		};
/* End PBXResourcesBuildPhase section */

/* Begin PBXSourcesBuildPhase section */
		D7CAF6161D82553800118371 /* Sources */ = {
			isa = PBXSourcesBuildPhase;
			buildActionMask = 2147483647;
			files = (
				D7CAF6201D82553800118371 /* ViewController.swift in Sources */,
				D7CAF61E1D82553800118371 /* AppDelegate.swift in Sources */,
			);
			runOnlyForDeploymentPostprocessing = 0;
		};
		D7CAF62A1D82553800118371 /* Sources */ = {
			isa = PBXSourcesBuildPhase;
			buildActionMask = 2147483647;
			files = (
				D7CAF6331D82553800118371 /* BDDQuickTests.swift in Sources */,
			);
			runOnlyForDeploymentPostprocessing = 0;
		};
		D7CAF6351D82553800118371 /* Sources */ = {
			isa = PBXSourcesBuildPhase;
			buildActionMask = 2147483647;
			files = (
				D7CAF63E1D82553800118371 /* BDDQuickUITests.swift in Sources */,
			);
			runOnlyForDeploymentPostprocessing = 0;
		};
/* End PBXSourcesBuildPhase section */

/* Begin PBXTargetDependency section */
		D7CAF6301D82553800118371 /* PBXTargetDependency */ = {
			isa = PBXTargetDependency;
			target = D7CAF6191D82553800118371 /* BDDQuick */;
			targetProxy = D7CAF62F1D82553800118371 /* PBXContainerItemProxy */;
		};
		D7CAF63B1D82553800118371 /* PBXTargetDependency */ = {
			isa = PBXTargetDependency;
			target = D7CAF6191D82553800118371 /* BDDQuick */;
			targetProxy = D7CAF63A1D82553800118371 /* PBXContainerItemProxy */;
		};
/* End PBXTargetDependency section */

/* Begin PBXVariantGroup section */
		D7CAF6211D82553800118371 /* Main.storyboard */ = {
			isa = PBXVariantGroup;
			children = (
				D7CAF6221D82553800118371 /* Base */,
			);
			name = Main.storyboard;
			sourceTree = "<group>";
		};
		D7CAF6261D82553800118371 /* LaunchScreen.storyboard */ = {
			isa = PBXVariantGroup;
			children = (
				D7CAF6271D82553800118371 /* Base */,
			);
			name = LaunchScreen.storyboard;
			sourceTree = "<group>";
		};
/* End PBXVariantGroup section */

/* Begin XCBuildConfiguration section */
		D7CAF6401D82553800118371 /* Debug */ = {
			isa = XCBuildConfiguration;
			buildSettings = {
				ALWAYS_SEARCH_USER_PATHS = NO;
				CLANG_ANALYZER_NONNULL = YES;
				CLANG_CXX_LANGUAGE_STANDARD = "gnu++0x";
				CLANG_CXX_LIBRARY = "libc++";
				CLANG_ENABLE_MODULES = YES;
				CLANG_ENABLE_OBJC_ARC = YES;
				CLANG_WARN_BOOL_CONVERSION = YES;
				CLANG_WARN_CONSTANT_CONVERSION = YES;
				CLANG_WARN_DIRECT_OBJC_ISA_USAGE = YES_ERROR;
				CLANG_WARN_EMPTY_BODY = YES;
				CLANG_WARN_ENUM_CONVERSION = YES;
				CLANG_WARN_INT_CONVERSION = YES;
				CLANG_WARN_OBJC_ROOT_CLASS = YES_ERROR;
				CLANG_WARN_UNREACHABLE_CODE = YES;
				CLANG_WARN__DUPLICATE_METHOD_MATCH = YES;
				"CODE_SIGN_IDENTITY[sdk=iphoneos*]" = "iPhone Developer";
				COPY_PHASE_STRIP = NO;
				DEBUG_INFORMATION_FORMAT = dwarf;
				ENABLE_STRICT_OBJC_MSGSEND = YES;
				ENABLE_TESTABILITY = YES;
				GCC_C_LANGUAGE_STANDARD = gnu99;
				GCC_DYNAMIC_NO_PIC = NO;
				GCC_NO_COMMON_BLOCKS = YES;
				GCC_OPTIMIZATION_LEVEL = 0;
				GCC_PREPROCESSOR_DEFINITIONS = (
					"DEBUG=1",
					"$(inherited)",
				);
				GCC_WARN_64_TO_32_BIT_CONVERSION = YES;
				GCC_WARN_ABOUT_RETURN_TYPE = YES_ERROR;
				GCC_WARN_UNDECLARED_SELECTOR = YES;
				GCC_WARN_UNINITIALIZED_AUTOS = YES_AGGRESSIVE;
				GCC_WARN_UNUSED_FUNCTION = YES;
				GCC_WARN_UNUSED_VARIABLE = YES;
				IPHONEOS_DEPLOYMENT_TARGET = 9.3;
				MTL_ENABLE_DEBUG_INFO = YES;
				ONLY_ACTIVE_ARCH = YES;
				SDKROOT = iphoneos;
				SWIFT_OPTIMIZATION_LEVEL = "-Onone";
			};
			name = Debug;
		};
		D7CAF6411D82553800118371 /* Release */ = {
			isa = XCBuildConfiguration;
			buildSettings = {
				ALWAYS_SEARCH_USER_PATHS = NO;
				CLANG_ANALYZER_NONNULL = YES;
				CLANG_CXX_LANGUAGE_STANDARD = "gnu++0x";
				CLANG_CXX_LIBRARY = "libc++";
				CLANG_ENABLE_MODULES = YES;
				CLANG_ENABLE_OBJC_ARC = YES;
				CLANG_WARN_BOOL_CONVERSION = YES;
				CLANG_WARN_CONSTANT_CONVERSION = YES;
				CLANG_WARN_DIRECT_OBJC_ISA_USAGE = YES_ERROR;
				CLANG_WARN_EMPTY_BODY = YES;
				CLANG_WARN_ENUM_CONVERSION = YES;
				CLANG_WARN_INT_CONVERSION = YES;
				CLANG_WARN_OBJC_ROOT_CLASS = YES_ERROR;
				CLANG_WARN_UNREACHABLE_CODE = YES;
				CLANG_WARN__DUPLICATE_METHOD_MATCH = YES;
				"CODE_SIGN_IDENTITY[sdk=iphoneos*]" = "iPhone Developer";
				COPY_PHASE_STRIP = NO;
				DEBUG_INFORMATION_FORMAT = "dwarf-with-dsym";
				ENABLE_NS_ASSERTIONS = NO;
				ENABLE_STRICT_OBJC_MSGSEND = YES;
				GCC_C_LANGUAGE_STANDARD = gnu99;
				GCC_NO_COMMON_BLOCKS = YES;
				GCC_WARN_64_TO_32_BIT_CONVERSION = YES;
				GCC_WARN_ABOUT_RETURN_TYPE = YES_ERROR;
				GCC_WARN_UNDECLARED_SELECTOR = YES;
				GCC_WARN_UNINITIALIZED_AUTOS = YES_AGGRESSIVE;
				GCC_WARN_UNUSED_FUNCTION = YES;
				GCC_WARN_UNUSED_VARIABLE = YES;
				IPHONEOS_DEPLOYMENT_TARGET = 9.3;
				MTL_ENABLE_DEBUG_INFO = NO;
				SDKROOT = iphoneos;
				VALIDATE_PRODUCT = YES;
			};
			name = Release;
		};
		D7CAF6431D82553800118371 /* Debug */ = {
			isa = XCBuildConfiguration;
			buildSettings = {
				ASSETCATALOG_COMPILER_APPICON_NAME = AppIcon;
				INFOPLIST_FILE = BDDQuick/Info.plist;
				LD_RUNPATH_SEARCH_PATHS = "$(inherited) @executable_path/Frameworks";
				PRODUCT_BUNDLE_IDENTIFIER = com.mlh.BDDQuick;
				PRODUCT_NAME = "$(TARGET_NAME)";
			};
			name = Debug;
		};
		D7CAF6441D82553800118371 /* Release */ = {
			isa = XCBuildConfiguration;
			buildSettings = {
				ASSETCATALOG_COMPILER_APPICON_NAME = AppIcon;
				INFOPLIST_FILE = BDDQuick/Info.plist;
				LD_RUNPATH_SEARCH_PATHS = "$(inherited) @executable_path/Frameworks";
				PRODUCT_BUNDLE_IDENTIFIER = com.mlh.BDDQuick;
				PRODUCT_NAME = "$(TARGET_NAME)";
			};
			name = Release;
		};
		D7CAF6461D82553800118371 /* Debug */ = {
			isa = XCBuildConfiguration;
			buildSettings = {
				BUNDLE_LOADER = "$(TEST_HOST)";
				INFOPLIST_FILE = BDDQuickTests/Info.plist;
				LD_RUNPATH_SEARCH_PATHS = "$(inherited) @executable_path/Frameworks @loader_path/Frameworks";
				PRODUCT_BUNDLE_IDENTIFIER = com.mlh.BDDQuickTests;
				PRODUCT_NAME = "$(TARGET_NAME)";
				TEST_HOST = "$(BUILT_PRODUCTS_DIR)/BDDQuick.app/BDDQuick";
			};
			name = Debug;
		};
		D7CAF6471D82553800118371 /* Release */ = {
			isa = XCBuildConfiguration;
			buildSettings = {
				BUNDLE_LOADER = "$(TEST_HOST)";
				INFOPLIST_FILE = BDDQuickTests/Info.plist;
				LD_RUNPATH_SEARCH_PATHS = "$(inherited) @executable_path/Frameworks @loader_path/Frameworks";
				PRODUCT_BUNDLE_IDENTIFIER = com.mlh.BDDQuickTests;
				PRODUCT_NAME = "$(TARGET_NAME)";
				TEST_HOST = "$(BUILT_PRODUCTS_DIR)/BDDQuick.app/BDDQuick";
			};
			name = Release;
		};
		D7CAF6491D82553800118371 /* Debug */ = {
			isa = XCBuildConfiguration;
			buildSettings = {
				INFOPLIST_FILE = BDDQuickUITests/Info.plist;
				LD_RUNPATH_SEARCH_PATHS = "$(inherited) @executable_path/Frameworks @loader_path/Frameworks";
				PRODUCT_BUNDLE_IDENTIFIER = com.mlh.BDDQuickUITests;
				PRODUCT_NAME = "$(TARGET_NAME)";
				TEST_TARGET_NAME = BDDQuick;
			};
			name = Debug;
		};
		D7CAF64A1D82553800118371 /* Release */ = {
			isa = XCBuildConfiguration;
			buildSettings = {
				INFOPLIST_FILE = BDDQuickUITests/Info.plist;
				LD_RUNPATH_SEARCH_PATHS = "$(inherited) @executable_path/Frameworks @loader_path/Frameworks";
				PRODUCT_BUNDLE_IDENTIFIER = com.mlh.BDDQuickUITests;
				PRODUCT_NAME = "$(TARGET_NAME)";
				TEST_TARGET_NAME = BDDQuick;
			};
			name = Release;
		};
/* End XCBuildConfiguration section */

/* Begin XCConfigurationList section */
		D7CAF6151D82553800118371 /* Build configuration list for PBXProject "BDDQuick" */ = {
			isa = XCConfigurationList;
			buildConfigurations = (
				D7CAF6401D82553800118371 /* Debug */,
				D7CAF6411D82553800118371 /* Release */,
			);
			defaultConfigurationIsVisible = 0;
			defaultConfigurationName = Release;
		};
		D7CAF6421D82553800118371 /* Build configuration list for PBXNativeTarget "BDDQuick" */ = {
			isa = XCConfigurationList;
			buildConfigurations = (
				D7CAF6431D82553800118371 /* Debug */,
				D7CAF6441D82553800118371 /* Release */,
			);
			defaultConfigurationIsVisible = 0;
		};
		D7CAF6451D82553800118371 /* Build configuration list for PBXNativeTarget "BDDQuickTests" */ = {
			isa = XCConfigurationList;
			buildConfigurations = (
				D7CAF6461D82553800118371 /* Debug */,
				D7CAF6471D82553800118371 /* Release */,
			);
			defaultConfigurationIsVisible = 0;
		};
		D7CAF6481D82553800118371 /* Build configuration list for PBXNativeTarget "BDDQuickUITests" */ = {
			isa = XCConfigurationList;
			buildConfigurations = (
				D7CAF6491D82553800118371 /* Debug */,
				D7CAF64A1D82553800118371 /* Release */,
			);
			defaultConfigurationIsVisible = 0;
		};
/* End XCConfigurationList section */
	};
	rootObject = D7CAF6121D82553800118371 /* Project object */;
}
